
Microsoft Visual Studio Solution File, Format Version 12.00
# Visual Studio Version 16
VisualStudioVersion = 16.0.29806.167
MinimumVisualStudioVersion = 10.0.40219.1
Project("{FAE04EC0-301F-11D3-BF4B-00C04F79EFBC}") = "COMP123-MidTermTest-Shivani-301100045", "COMP123-MidTermTest-Shivani-301100045\COMP123-MidTermTest-Shivani-301100045.csproj", "{E09D0340-D22D-4ED1-A82E-AD710F1B8A12}"
EndProject
Global
	GlobalSection(SolutionConfigurationPlatforms) = preSolution
		Debug|Any CPU = Debug|Any CPU
		Release|Any CPU = Release|Any CPU
	EndGlobalSection
	GlobalSection(ProjectConfigurationPlatforms) = postSolution
		{E09D0340-D22D-4ED1-A82E-AD710F1B8A12}.Debug|Any CPU.ActiveCfg = Debug|Any CPU
		{E09D0340-D22D-4ED1-A82E-AD710F1B8A12}.Debug|Any CPU.Build.0 = Debug|Any CPU
		{E09D0340-D22D-4ED1-A82E-AD710F1B8A12}.Release|Any CPU.ActiveCfg = Release|Any CPU
		{E09D0340-D22D-4ED1-A82E-AD710F1B8A12}.Release|Any CPU.Build.0 = Release|Any CPU
	EndGlobalSection
	GlobalSection(SolutionProperties) = preSolution
		HideSolutionNode = FALSE
	EndGlobalSection
	GlobalSection(ExtensibilityGlobals) = postSolution
		SolutionGuid = {FB01528B-2320-493A-B303-FF78260C4CDD}
	EndGlobalSection
EndGlobal
